// !$*UTF8*$!
{
	archiveVersion = 1;
	classes = {
	};
	objectVersion = 77;
	objects = {

/* Begin PBXBuildFile section */
		0A3FEB815A326868D819E58B /* SmokeTests.swift in Sources */ = {isa = PBXBuildFile; fileRef = 2FDB10A10012288F988FE32C /* SmokeTests.swift */; };
		1048844EE6A3198321594B2A /* MainWindow.swift in Sources */ = {isa = PBXBuildFile; fileRef = 495FAA88EEF9E0F49604E450 /* MainWindow.swift */; };
		1EF2D88BD28C5DBB1C00A0EF /* AppModelReducerTests.swift in Sources */ = {isa = PBXBuildFile; fileRef = 41284FF3EF16C964A6FDCCEF /* AppModelReducerTests.swift */; };
		205413F237D7FB0ED719FD80 /* DaemonClientTests.swift in Sources */ = {isa = PBXBuildFile; fileRef = 692B715F0269A14C79855E96 /* DaemonClientTests.swift */; };
		21C4AD8118E2A87AC6B16D8B /* DaemonProcess.swift in Sources */ = {isa = PBXBuildFile; fileRef = DD34388BC51EFD2420DCC244 /* DaemonProcess.swift */; };
		22C8CBC1F64EF320711A44B1 /* ClassickApp.swift in Sources */ = {isa = PBXBuildFile; fileRef = 18857CE62529C7150D78B6EA /* ClassickApp.swift */; };
		29C0992FEDBBA760E13C131F /* AppIcon.icon in Resources */ = {isa = PBXBuildFile; fileRef = 202553602D0B6CF9B75237B8 /* AppIcon.icon */; };
		2BD4832EC2BB0BEC5A2FFA9F /* SelectionDraftTests.swift in Sources */ = {isa = PBXBuildFile; fileRef = AA0AEA0F898A570ADA7D30EB /* SelectionDraftTests.swift */; };
		3012B574C1CDDEF574BE97C9 /* WireCodecTests.swift in Sources */ = {isa = PBXBuildFile; fileRef = 088D7817D297D30A5DEB28B4 /* WireCodecTests.swift */; };
		323700F7CDAEA8A69F46AF4D /* SettingsView.swift in Sources */ = {isa = PBXBuildFile; fileRef = 1F6E6E19F0CC4A565F756B34 /* SettingsView.swift */; };
		34B045E46CB1FFA37A665FA4 /* Storage.swift in Sources */ = {isa = PBXBuildFile; fileRef = 61DE80657A5644ED21E4873A /* Storage.swift */; };
		3BE072B94276C28F1575F44A /* WireModels.swift in Sources */ = {isa = PBXBuildFile; fileRef = 60A2D7EA38BF7099CA882E0C /* WireModels.swift */; };
		4FB908A351CF502DE07174A1 /* Notifier.swift in Sources */ = {isa = PBXBuildFile; fileRef = 971A1C21B70044C6DB7B777B /* Notifier.swift */; };
		7185921B45D7FB0EE69E8AB9 /* SelectionDraft.swift in Sources */ = {isa = PBXBuildFile; fileRef = 5EF66143092AD180B04081EF /* SelectionDraft.swift */; };
		7DB96D9B60B910D9CADBF471 /* PromptAlert.swift in Sources */ = {isa = PBXBuildFile; fileRef = DAB3C64FBA7F0070A69F92BD /* PromptAlert.swift */; };
		8668B10A8A87B7D6D9251FBB /* SetupWindowController.swift in Sources */ = {isa = PBXBuildFile; fileRef = 9F16B859592192A81F64B75F /* SetupWindowController.swift */; };
		8C007C9F5695000CBA16E4F7 /* SetupWindow.swift in Sources */ = {isa = PBXBuildFile; fileRef = 82BC8C8CBF9B3ECE8C2C11DC /* SetupWindow.swift */; };
		946F25B53E859840D136A76B /* DeviceRow.swift in Sources */ = {isa = PBXBuildFile; fileRef = AA35506FB0FA89D1354E4C9B /* DeviceRow.swift */; };
		9F69DE55F112B10BBAE446BB /* HistoryView.swift in Sources */ = {isa = PBXBuildFile; fileRef = 1788052EC7FE9655A0767A10 /* HistoryView.swift */; };
		A6E2CFE58A8D14C39D2AFBB8 /* MenuContent.swift in Sources */ = {isa = PBXBuildFile; fileRef = 04854C70583BD2B3841B7139 /* MenuContent.swift */; };
		ACB102D41EA59D9FCB5F58FE /* DaemonClient.swift in Sources */ = {isa = PBXBuildFile; fileRef = 39CCC1F780C5FA6F22AD6FA7 /* DaemonClient.swift */; };
		ADA05051A9898D63AB07DD45 /* Updater.swift in Sources */ = {isa = PBXBuildFile; fileRef = 8292E0BE8BBA481A354A5017 /* Updater.swift */; };
		B0544F10C5FBE45035DAE2EA /* AppModel.swift in Sources */ = {isa = PBXBuildFile; fileRef = 3F08940741D874678EDEC6A1 /* AppModel.swift */; };
		BBF23B87AD78F97A074AA537 /* LibraryView.swift in Sources */ = {isa = PBXBuildFile; fileRef = 68140E99FECE65763E7B7F7F /* LibraryView.swift */; };
		C1A0B0BDBF78B7069C08D271 /* Sparkle in Frameworks */ = {isa = PBXBuildFile; productRef = CE8AC4C79C57BF031AF01FE8 /* Sparkle */; };
		D015949C91329F4A587EC32D /* DeviceView.swift in Sources */ = {isa = PBXBuildFile; fileRef = EDCC447E0CBF497B9A8E7713 /* DeviceView.swift */; };
		F7AD8BE48FF289EEE5944BC0 /* NotifierPolicyTests.swift in Sources */ = {isa = PBXBuildFile; fileRef = 9752BD44A7E2AEA57406B9EA /* NotifierPolicyTests.swift */; };
/* End PBXBuildFile section */

/* Begin PBXContainerItemProxy section */
		17306E36F67315139086AA50 /* PBXContainerItemProxy */ = {
			isa = PBXContainerItemProxy;
			containerPortal = 31C70EB80F68ACC561BFE8E5 /* Project object */;
			proxyType = 1;
			remoteGlobalIDString = 256AB20040750E13D90F3FA9;
			remoteInfo = Classick;
		};
/* End PBXContainerItemProxy section */

/* Begin PBXFileReference section */
		04854C70583BD2B3841B7139 /* MenuContent.swift */ = {isa = PBXFileReference; lastKnownFileType = sourcecode.swift; path = MenuContent.swift; sourceTree = "<group>"; };
		088D7817D297D30A5DEB28B4 /* WireCodecTests.swift */ = {isa = PBXFileReference; lastKnownFileType = sourcecode.swift; path = WireCodecTests.swift; sourceTree = "<group>"; };
		1788052EC7FE9655A0767A10 /* HistoryView.swift */ = {isa = PBXFileReference; lastKnownFileType = sourcecode.swift; path = HistoryView.swift; sourceTree = "<group>"; };
		18857CE62529C7150D78B6EA /* ClassickApp.swift */ = {isa = PBXFileReference; lastKnownFileType = sourcecode.swift; path = ClassickApp.swift; sourceTree = "<group>"; };
		1F6E6E19F0CC4A565F756B34 /* SettingsView.swift */ = {isa = PBXFileReference; lastKnownFileType = sourcecode.swift; path = SettingsView.swift; sourceTree = "<group>"; };
		202553602D0B6CF9B75237B8 /* AppIcon.icon */ = {isa = PBXFileReference; lastKnownFileType = wrapper.icon; path = AppIcon.icon; sourceTree = "<group>"; };
		2FDB10A10012288F988FE32C /* SmokeTests.swift */ = {isa = PBXFileReference; lastKnownFileType = sourcecode.swift; path = SmokeTests.swift; sourceTree = "<group>"; };
		39CCC1F780C5FA6F22AD6FA7 /* DaemonClient.swift */ = {isa = PBXFileReference; lastKnownFileType = sourcecode.swift; path = DaemonClient.swift; sourceTree = "<group>"; };
		3F08940741D874678EDEC6A1 /* AppModel.swift */ = {isa = PBXFileReference; lastKnownFileType = sourcecode.swift; path = AppModel.swift; sourceTree = "<group>"; };
		41284FF3EF16C964A6FDCCEF /* AppModelReducerTests.swift */ = {isa = PBXFileReference; lastKnownFileType = sourcecode.swift; path = AppModelReducerTests.swift; sourceTree = "<group>"; };
		495FAA88EEF9E0F49604E450 /* MainWindow.swift */ = {isa = PBXFileReference; lastKnownFileType = sourcecode.swift; path = MainWindow.swift; sourceTree = "<group>"; };
		5EF66143092AD180B04081EF /* SelectionDraft.swift */ = {isa = PBXFileReference; lastKnownFileType = sourcecode.swift; path = SelectionDraft.swift; sourceTree = "<group>"; };
		60A2D7EA38BF7099CA882E0C /* WireModels.swift */ = {isa = PBXFileReference; lastKnownFileType = sourcecode.swift; path = WireModels.swift; sourceTree = "<group>"; };
		61DE80657A5644ED21E4873A /* Storage.swift */ = {isa = PBXFileReference; lastKnownFileType = sourcecode.swift; path = Storage.swift; sourceTree = "<group>"; };
		68140E99FECE65763E7B7F7F /* LibraryView.swift */ = {isa = PBXFileReference; lastKnownFileType = sourcecode.swift; path = LibraryView.swift; sourceTree = "<group>"; };
		692B715F0269A14C79855E96 /* DaemonClientTests.swift */ = {isa = PBXFileReference; lastKnownFileType = sourcecode.swift; path = DaemonClientTests.swift; sourceTree = "<group>"; };
		6D5FB8D26AA10CB9C052F91B /* Classick.app */ = {isa = PBXFileReference; explicitFileType = wrapper.application; includeInIndex = 0; path = Classick.app; sourceTree = BUILT_PRODUCTS_DIR; };
		7355B0FEF32DB2EF35F3631E /* ClassickTests.xctest */ = {isa = PBXFileReference; explicitFileType = wrapper.cfbundle; includeInIndex = 0; path = ClassickTests.xctest; sourceTree = BUILT_PRODUCTS_DIR; };
		8292E0BE8BBA481A354A5017 /* Updater.swift */ = {isa = PBXFileReference; lastKnownFileType = sourcecode.swift; path = Updater.swift; sourceTree = "<group>"; };
		82BC8C8CBF9B3ECE8C2C11DC /* SetupWindow.swift */ = {isa = PBXFileReference; lastKnownFileType = sourcecode.swift; path = SetupWindow.swift; sourceTree = "<group>"; };
		971A1C21B70044C6DB7B777B /* Notifier.swift */ = {isa = PBXFileReference; lastKnownFileType = sourcecode.swift; path = Notifier.swift; sourceTree = "<group>"; };
		9752BD44A7E2AEA57406B9EA /* NotifierPolicyTests.swift */ = {isa = PBXFileReference; lastKnownFileType = sourcecode.swift; path = NotifierPolicyTests.swift; sourceTree = "<group>"; };
		9F16B859592192A81F64B75F /* SetupWindowController.swift */ = {isa = PBXFileReference; lastKnownFileType = sourcecode.swift; path = SetupWindowController.swift; sourceTree = "<group>"; };
		AA0AEA0F898A570ADA7D30EB /* SelectionDraftTests.swift */ = {isa = PBXFileReference; lastKnownFileType = sourcecode.swift; path = SelectionDraftTests.swift; sourceTree = "<group>"; };
		AA35506FB0FA89D1354E4C9B /* DeviceRow.swift */ = {isa = PBXFileReference; lastKnownFileType = sourcecode.swift; path = DeviceRow.swift; sourceTree = "<group>"; };
		DAB3C64FBA7F0070A69F92BD /* PromptAlert.swift */ = {isa = PBXFileReference; lastKnownFileType = sourcecode.swift; path = PromptAlert.swift; sourceTree = "<group>"; };
		DD34388BC51EFD2420DCC244 /* DaemonProcess.swift */ = {isa = PBXFileReference; lastKnownFileType = sourcecode.swift; path = DaemonProcess.swift; sourceTree = "<group>"; };
		EDCC447E0CBF497B9A8E7713 /* DeviceView.swift */ = {isa = PBXFileReference; lastKnownFileType = sourcecode.swift; path = DeviceView.swift; sourceTree = "<group>"; };
/* End PBXFileReference section */

/* Begin PBXFrameworksBuildPhase section */
		2F49DCA12E6D5B6CFCA73A49 /* Frameworks */ = {
			isa = PBXFrameworksBuildPhase;
			buildActionMask = 2147483647;
			files = (
				C1A0B0BDBF78B7069C08D271 /* Sparkle in Frameworks */,
			);
			runOnlyForDeploymentPostprocessing = 0;
		};
/* End PBXFrameworksBuildPhase section */

/* Begin PBXGroup section */
		1EC9BCC71957F50F2A7DA3F5 /* Ipc */ = {
			isa = PBXGroup;
			children = (
				39CCC1F780C5FA6F22AD6FA7 /* DaemonClient.swift */,
				60A2D7EA38BF7099CA882E0C /* WireModels.swift */,
			);
			path = Ipc;
			sourceTree = "<group>";
		};
		301A3F5136B25C2CD2BAB185 = {
			isa = PBXGroup;
			children = (
				202553602D0B6CF9B75237B8 /* AppIcon.icon */,
				E934EABE00B13A73CCB4E5F3 /* Sources */,
				33932E1E0F44331472D102DC /* Tests */,
				33216671D479C11AF86FEFC5 /* Products */,
			);
			sourceTree = "<group>";
		};
		33216671D479C11AF86FEFC5 /* Products */ = {
			isa = PBXGroup;
			children = (
				6D5FB8D26AA10CB9C052F91B /* Classick.app */,
				7355B0FEF32DB2EF35F3631E /* ClassickTests.xctest */,
			);
			name = Products;
			sourceTree = "<group>";
		};
		33932E1E0F44331472D102DC /* Tests */ = {
			isa = PBXGroup;
			children = (
				A7CF07DF2FEDED0DC85BE150 /* ClassickTests */,
			);
			path = Tests;
			sourceTree = "<group>";
		};
		462F667BF2363CE6CEEDC689 /* Daemon */ = {
			isa = PBXGroup;
			children = (
				DD34388BC51EFD2420DCC244 /* DaemonProcess.swift */,
			);
			path = Daemon;
			sourceTree = "<group>";
		};
		4B26220FE0CFF1E677C328B6 /* Model */ = {
			isa = PBXGroup;
			children = (
				3F08940741D874678EDEC6A1 /* AppModel.swift */,
				5EF66143092AD180B04081EF /* SelectionDraft.swift */,
				61DE80657A5644ED21E4873A /* Storage.swift */,
			);
			path = Model;
			sourceTree = "<group>";
		};
		62E82A176B2E666CAEA3D034 /* Notifications */ = {
			isa = PBXGroup;
			children = (
				971A1C21B70044C6DB7B777B /* Notifier.swift */,
			);
			path = Notifications;
			sourceTree = "<group>";
		};
		99D4485C35D1081038D50B0D /* Views */ = {
			isa = PBXGroup;
			children = (
				AA35506FB0FA89D1354E4C9B /* DeviceRow.swift */,
				EDCC447E0CBF497B9A8E7713 /* DeviceView.swift */,
				1788052EC7FE9655A0767A10 /* HistoryView.swift */,
				68140E99FECE65763E7B7F7F /* LibraryView.swift */,
				495FAA88EEF9E0F49604E450 /* MainWindow.swift */,
				04854C70583BD2B3841B7139 /* MenuContent.swift */,
				DAB3C64FBA7F0070A69F92BD /* PromptAlert.swift */,
				1F6E6E19F0CC4A565F756B34 /* SettingsView.swift */,
				82BC8C8CBF9B3ECE8C2C11DC /* SetupWindow.swift */,
				9F16B859592192A81F64B75F /* SetupWindowController.swift */,
			);
			path = Views;
			sourceTree = "<group>";
		};
		A7CF07DF2FEDED0DC85BE150 /* ClassickTests */ = {
			isa = PBXGroup;
			children = (
				41284FF3EF16C964A6FDCCEF /* AppModelReducerTests.swift */,
				692B715F0269A14C79855E96 /* DaemonClientTests.swift */,
				9752BD44A7E2AEA57406B9EA /* NotifierPolicyTests.swift */,
				AA0AEA0F898A570ADA7D30EB /* SelectionDraftTests.swift */,
				2FDB10A10012288F988FE32C /* SmokeTests.swift */,
				088D7817D297D30A5DEB28B4 /* WireCodecTests.swift */,
			);
			path = ClassickTests;
			sourceTree = "<group>";
		};
		C59A99B3D4092FC140E327C8 /* Updates */ = {
			isa = PBXGroup;
			children = (
				8292E0BE8BBA481A354A5017 /* Updater.swift */,
			);
			path = Updates;
			sourceTree = "<group>";
		};
		DD15406B861CCEEF94502873 /* Classick */ = {
			isa = PBXGroup;
			children = (
				18857CE62529C7150D78B6EA /* ClassickApp.swift */,
				462F667BF2363CE6CEEDC689 /* Daemon */,
				1EC9BCC71957F50F2A7DA3F5 /* Ipc */,
				4B26220FE0CFF1E677C328B6 /* Model */,
				62E82A176B2E666CAEA3D034 /* Notifications */,
				C59A99B3D4092FC140E327C8 /* Updates */,
				99D4485C35D1081038D50B0D /* Views */,
			);
			path = Classick;
			sourceTree = "<group>";
		};
		E934EABE00B13A73CCB4E5F3 /* Sources */ = {
			isa = PBXGroup;
			children = (
				DD15406B861CCEEF94502873 /* Classick */,
			);
			path = Sources;
			sourceTree = "<group>";
		};
/* End PBXGroup section */

/* Begin PBXNativeTarget section */
		256AB20040750E13D90F3FA9 /* Classick */ = {
			isa = PBXNativeTarget;
			buildConfigurationList = 3F02007BD03702B98E3A34EF /* Build configuration list for PBXNativeTarget "Classick" */;
			buildPhases = (
				393742069D8835021EEEFFAE /* Build classick daemon (cargo) */,
				7AA331F5FD77AF9464075783 /* Sources */,
				71B111CAEBB7DFCF2D80FF33 /* Resources */,
				2F49DCA12E6D5B6CFCA73A49 /* Frameworks */,
				2734FAD14C0DD29629DE44EF /* Embed classick daemon */,
			);
			buildRules = (
			);
			dependencies = (
			);
			name = Classick;
			packageProductDependencies = (
				CE8AC4C79C57BF031AF01FE8 /* Sparkle */,
			);
			productName = Classick;
			productReference = 6D5FB8D26AA10CB9C052F91B /* Classick.app */;
			productType = "com.apple.product-type.application";
		};
		F195166123DBA8F780A7D4CF /* ClassickTests */ = {
			isa = PBXNativeTarget;
			buildConfigurationList = EDFFD253208FDE136966ED75 /* Build configuration list for PBXNativeTarget "ClassickTests" */;
			buildPhases = (
				20566CBA64B1F19F359EE121 /* Sources */,
			);
			buildRules = (
			);
			dependencies = (
				FE0B24D8CB9D7E5A0B7EF32C /* PBXTargetDependency */,
			);
			name = ClassickTests;
			packageProductDependencies = (
			);
			productName = ClassickTests;
			productReference = 7355B0FEF32DB2EF35F3631E /* ClassickTests.xctest */;
			productType = "com.apple.product-type.bundle.unit-test";
		};
/* End PBXNativeTarget section */

/* Begin PBXProject section */
		31C70EB80F68ACC561BFE8E5 /* Project object */ = {
			isa = PBXProject;
			attributes = {
				BuildIndependentTargetsInParallel = YES;
				LastUpgradeCheck = 1430;
				TargetAttributes = {
					256AB20040750E13D90F3FA9 = {
						ProvisioningStyle = Manual;
					};
				};
			};
			buildConfigurationList = 96407CFE424BD62A59417BCE /* Build configuration list for PBXProject "Classick" */;
			developmentRegion = en;
			hasScannedForEncodings = 0;
			knownRegions = (
				Base,
				en,
			);
			mainGroup = 301A3F5136B25C2CD2BAB185;
			minimizedProjectReferenceProxies = 1;
			packageReferences = (
				6D89737376951DB3FEC10CAB /* XCRemoteSwiftPackageReference "Sparkle" */,
			);
			preferredProjectObjectVersion = 77;
			productRefGroup = 33216671D479C11AF86FEFC5 /* Products */;
			projectDirPath = "";
			projectRoot = "";
			targets = (
				256AB20040750E13D90F3FA9 /* Classick */,
				F195166123DBA8F780A7D4CF /* ClassickTests */,
			);
		};
/* End PBXProject section */

/* Begin PBXResourcesBuildPhase section */
		71B111CAEBB7DFCF2D80FF33 /* Resources */ = {
			isa = PBXResourcesBuildPhase;
			buildActionMask = 2147483647;
			files = (
				29C0992FEDBBA760E13C131F /* AppIcon.icon in Resources */,
			);
			runOnlyForDeploymentPostprocessing = 0;
		};
/* End PBXResourcesBuildPhase section */

/* Begin PBXShellScriptBuildPhase section */
		2734FAD14C0DD29629DE44EF /* Embed classick daemon */ = {
			isa = PBXShellScriptBuildPhase;
			alwaysOutOfDate = 1;
			buildActionMask = 2147483647;
			files = (
			);
			inputFileListPaths = (
			);
			inputPaths = (
			);
			name = "Embed classick daemon";
			outputFileListPaths = (
			);
			outputPaths = (
			);
			runOnlyForDeploymentPostprocessing = 0;
			shellPath = /bin/sh;
			shellScript = "set -e\nSRC=\"$SRCROOT/../../target/release/classick\"\nDST=\"$BUILT_PRODUCTS_DIR/$FULL_PRODUCT_NAME/Contents/Resources\"\nif [ -f \"$SRC\" ]; then\n  mkdir -p \"$DST\"\n  cp \"$SRC\" \"$DST/classick\"\n  echo \"embedded daemon from $SRC\"\nelse\n  echo \"warning: $SRC not found — run 'cargo build --release' so the app can spawn the daemon\"\nfi\n";
		};
		393742069D8835021EEEFFAE /* Build classick daemon (cargo) */ = {
			isa = PBXShellScriptBuildPhase;
			alwaysOutOfDate = 1;
			buildActionMask = 2147483647;
			files = (
			);
			inputFileListPaths = (
			);
			inputPaths = (
			);
			name = "Build classick daemon (cargo)";
			outputFileListPaths = (
			);
			outputPaths = (
			);
			runOnlyForDeploymentPostprocessing = 0;
			shellPath = /bin/sh;
			shellScript = "set -e\n# Xcode script phases get a minimal PATH; rustup installs live in\n# ~/.cargo/bin (homebrew fallback for good measure).\nexport PATH=\"$HOME/.cargo/bin:/opt/homebrew/bin:/usr/local/bin:$PATH\"\necho \"cargo build --release (workspace root)\"\ncargo build --release --manifest-path \"$SRCROOT/../../Cargo.toml\"\n";
		};
/* End PBXShellScriptBuildPhase section */

/* Begin PBXSourcesBuildPhase section */
		20566CBA64B1F19F359EE121 /* Sources */ = {
			isa = PBXSourcesBuildPhase;
			buildActionMask = 2147483647;
			files = (
				1EF2D88BD28C5DBB1C00A0EF /* AppModelReducerTests.swift in Sources */,
				205413F237D7FB0ED719FD80 /* DaemonClientTests.swift in Sources */,
				F7AD8BE48FF289EEE5944BC0 /* NotifierPolicyTests.swift in Sources */,
				2BD4832EC2BB0BEC5A2FFA9F /* SelectionDraftTests.swift in Sources */,
				0A3FEB815A326868D819E58B /* SmokeTests.swift in Sources */,
				3012B574C1CDDEF574BE97C9 /* WireCodecTests.swift in Sources */,
			);
			runOnlyForDeploymentPostprocessing = 0;
		};
		7AA331F5FD77AF9464075783 /* Sources */ = {
			isa = PBXSourcesBuildPhase;
			buildActionMask = 2147483647;
			files = (
				B0544F10C5FBE45035DAE2EA /* AppModel.swift in Sources */,
				22C8CBC1F64EF320711A44B1 /* ClassickApp.swift in Sources */,
				ACB102D41EA59D9FCB5F58FE /* DaemonClient.swift in Sources */,
				21C4AD8118E2A87AC6B16D8B /* DaemonProcess.swift in Sources */,
				946F25B53E859840D136A76B /* DeviceRow.swift in Sources */,
				D015949C91329F4A587EC32D /* DeviceView.swift in Sources */,
				9F69DE55F112B10BBAE446BB /* HistoryView.swift in Sources */,
				BBF23B87AD78F97A074AA537 /* LibraryView.swift in Sources */,
				1048844EE6A3198321594B2A /* MainWindow.swift in Sources */,
				A6E2CFE58A8D14C39D2AFBB8 /* MenuContent.swift in Sources */,
				4FB908A351CF502DE07174A1 /* Notifier.swift in Sources */,
				7DB96D9B60B910D9CADBF471 /* PromptAlert.swift in Sources */,
				7185921B45D7FB0EE69E8AB9 /* SelectionDraft.swift in Sources */,
				323700F7CDAEA8A69F46AF4D /* SettingsView.swift in Sources */,
				8C007C9F5695000CBA16E4F7 /* SetupWindow.swift in Sources */,
				8668B10A8A87B7D6D9251FBB /* SetupWindowController.swift in Sources */,
				34B045E46CB1FFA37A665FA4 /* Storage.swift in Sources */,
				ADA05051A9898D63AB07DD45 /* Updater.swift in Sources */,
				3BE072B94276C28F1575F44A /* WireModels.swift in Sources */,
			);
			runOnlyForDeploymentPostprocessing = 0;
		};
/* End PBXSourcesBuildPhase section */

/* Begin PBXTargetDependency section */
		FE0B24D8CB9D7E5A0B7EF32C /* PBXTargetDependency */ = {
			isa = PBXTargetDependency;
			target = 256AB20040750E13D90F3FA9 /* Classick */;
			targetProxy = 17306E36F67315139086AA50 /* PBXContainerItemProxy */;
		};
/* End PBXTargetDependency section */

/* Begin XCBuildConfiguration section */
		20F69D369CF27F6EE452338A /* Release */ = {
			isa = XCBuildConfiguration;
			buildSettings = {
				BUNDLE_LOADER = "$(TEST_HOST)";
				COMBINE_HIDPI_IMAGES = YES;
				GENERATE_INFOPLIST_FILE = YES;
				LD_RUNPATH_SEARCH_PATHS = (
					"$(inherited)",
					"@executable_path/../Frameworks",
					"@loader_path/../Frameworks",
				);
				PRODUCT_BUNDLE_IDENTIFIER = com.classick.app.tests;
				SDKROOT = macosx;
				TEST_HOST = "$(BUILT_PRODUCTS_DIR)/Classick.app/Contents/MacOS/Classick";
			};
			name = Release;
		};
		48DB4CD6DC990CA519533DC3 /* Release */ = {
			isa = XCBuildConfiguration;
			buildSettings = {
				ALWAYS_SEARCH_USER_PATHS = NO;
				CLANG_ANALYZER_NONNULL = YES;
				CLANG_ANALYZER_NUMBER_OBJECT_CONVERSION = YES_AGGRESSIVE;
				CLANG_CXX_LANGUAGE_STANDARD = "gnu++14";
				CLANG_CXX_LIBRARY = "libc++";
				CLANG_ENABLE_MODULES = YES;
				CLANG_ENABLE_OBJC_ARC = YES;
				CLANG_ENABLE_OBJC_WEAK = YES;
				CLANG_WARN_BLOCK_CAPTURE_AUTORELEASING = YES;
				CLANG_WARN_BOOL_CONVERSION = YES;
				CLANG_WARN_COMMA = YES;
				CLANG_WARN_CONSTANT_CONVERSION = YES;
				CLANG_WARN_DEPRECATED_OBJC_IMPLEMENTATIONS = YES;
				CLANG_WARN_DIRECT_OBJC_ISA_USAGE = YES_ERROR;
				CLANG_WARN_DOCUMENTATION_COMMENTS = YES;
				CLANG_WARN_EMPTY_BODY = YES;
				CLANG_WARN_ENUM_CONVERSION = YES;
				CLANG_WARN_INFINITE_RECURSION = YES;
				CLANG_WARN_INT_CONVERSION = YES;
				CLANG_WARN_NON_LITERAL_NULL_CONVERSION = YES;
				CLANG_WARN_OBJC_IMPLICIT_RETAIN_SELF = YES;
				CLANG_WARN_OBJC_LITERAL_CONVERSION = YES;
				CLANG_WARN_OBJC_ROOT_CLASS = YES_ERROR;
				CLANG_WARN_QUOTED_INCLUDE_IN_FRAMEWORK_HEADER = YES;
				CLANG_WARN_RANGE_LOOP_ANALYSIS = YES;
				CLANG_WARN_STRICT_PROTOTYPES = YES;
				CLANG_WARN_SUSPICIOUS_MOVE = YES;
				CLANG_WARN_UNGUARDED_AVAILABILITY = YES_AGGRESSIVE;
				CLANG_WARN_UNREACHABLE_CODE = YES;
				CLANG_WARN__DUPLICATE_METHOD_MATCH = YES;
				COPY_PHASE_STRIP = NO;
				CURRENT_PROJECT_VERSION = 6;
				DEBUG_INFORMATION_FORMAT = "dwarf-with-dsym";
				ENABLE_NS_ASSERTIONS = NO;
				ENABLE_STRICT_OBJC_MSGSEND = YES;
				GCC_C_LANGUAGE_STANDARD = gnu11;
				GCC_NO_COMMON_BLOCKS = YES;
				GCC_WARN_64_TO_32_BIT_CONVERSION = YES;
				GCC_WARN_ABOUT_RETURN_TYPE = YES_ERROR;
				GCC_WARN_UNDECLARED_SELECTOR = YES;
				GCC_WARN_UNINITIALIZED_AUTOS = YES_AGGRESSIVE;
				GCC_WARN_UNUSED_FUNCTION = YES;
				GCC_WARN_UNUSED_VARIABLE = YES;
				MACOSX_DEPLOYMENT_TARGET = 15.0;
				MARKETING_VERSION = 0.4.0;
				MTL_ENABLE_DEBUG_INFO = NO;
				MTL_FAST_MATH = YES;
				PRODUCT_NAME = "$(TARGET_NAME)";
				SDKROOT = macosx;
				SWIFT_COMPILATION_MODE = wholemodule;
				SWIFT_OPTIMIZATION_LEVEL = "-O";
				SWIFT_STRICT_CONCURRENCY = complete;
				SWIFT_VERSION = 6.0;
			};
			name = Release;
		};
		76A141603577D891D91CA46A /* Debug */ = {
			isa = XCBuildConfiguration;
			buildSettings = {
				BUNDLE_LOADER = "$(TEST_HOST)";
				COMBINE_HIDPI_IMAGES = YES;
				GENERATE_INFOPLIST_FILE = YES;
				LD_RUNPATH_SEARCH_PATHS = (
					"$(inherited)",
					"@executable_path/../Frameworks",
					"@loader_path/../Frameworks",
				);
				PRODUCT_BUNDLE_IDENTIFIER = com.classick.app.tests;
				SDKROOT = macosx;
				TEST_HOST = "$(BUILT_PRODUCTS_DIR)/Classick.app/Contents/MacOS/Classick";
			};
			name = Debug;
		};
		AC7000EBEBED34D292EC0FB3 /* Release */ = {
			isa = XCBuildConfiguration;
			buildSettings = {
				ASSETCATALOG_COMPILER_APPICON_NAME = AppIcon;
				CODE_SIGN_IDENTITY = "-";
				CODE_SIGN_STYLE = Manual;
				COMBINE_HIDPI_IMAGES = YES;
				ENABLE_HARDENED_RUNTIME = NO;
				ENABLE_USER_SCRIPT_SANDBOXING = NO;
				INFOPLIST_FILE = Info.plist;
				LD_RUNPATH_SEARCH_PATHS = (
					"$(inherited)",
					"@executable_path/../Frameworks",
				);
				PRODUCT_BUNDLE_IDENTIFIER = com.classick.app;
				PRODUCT_NAME = Classick;
				SDKROOT = macosx;
			};
			name = Release;
		};
		E837C70B053D4ED545E68624 /* Debug */ = {
			isa = XCBuildConfiguration;
			buildSettings = {
				ALWAYS_SEARCH_USER_PATHS = NO;
				CLANG_ANALYZER_NONNULL = YES;
				CLANG_ANALYZER_NUMBER_OBJECT_CONVERSION = YES_AGGRESSIVE;
				CLANG_CXX_LANGUAGE_STANDARD = "gnu++14";
				CLANG_CXX_LIBRARY = "libc++";
				CLANG_ENABLE_MODULES = YES;
				CLANG_ENABLE_OBJC_ARC = YES;
				CLANG_ENABLE_OBJC_WEAK = YES;
				CLANG_WARN_BLOCK_CAPTURE_AUTORELEASING = YES;
				CLANG_WARN_BOOL_CONVERSION = YES;
				CLANG_WARN_COMMA = YES;
				CLANG_WARN_CONSTANT_CONVERSION = YES;
				CLANG_WARN_DEPRECATED_OBJC_IMPLEMENTATIONS = YES;
				CLANG_WARN_DIRECT_OBJC_ISA_USAGE = YES_ERROR;
				CLANG_WARN_DOCUMENTATION_COMMENTS = YES;
				CLANG_WARN_EMPTY_BODY = YES;
				CLANG_WARN_ENUM_CONVERSION = YES;
				CLANG_WARN_INFINITE_RECURSION = YES;
				CLANG_WARN_INT_CONVERSION = YES;
				CLANG_WARN_NON_LITERAL_NULL_CONVERSION = YES;
				CLANG_WARN_OBJC_IMPLICIT_RETAIN_SELF = YES;
				CLANG_WARN_OBJC_LITERAL_CONVERSION = YES;
				CLANG_WARN_OBJC_ROOT_CLASS = YES_ERROR;
				CLANG_WARN_QUOTED_INCLUDE_IN_FRAMEWORK_HEADER = YES;
				CLANG_WARN_RANGE_LOOP_ANALYSIS = YES;
				CLANG_WARN_STRICT_PROTOTYPES = YES;
				CLANG_WARN_SUSPICIOUS_MOVE = YES;
				CLANG_WARN_UNGUARDED_AVAILABILITY = YES_AGGRESSIVE;
				CLANG_WARN_UNREACHABLE_CODE = YES;
				CLANG_WARN__DUPLICATE_METHOD_MATCH = YES;
				COPY_PHASE_STRIP = NO;
				CURRENT_PROJECT_VERSION = 6;
				DEBUG_INFORMATION_FORMAT = dwarf;
				ENABLE_STRICT_OBJC_MSGSEND = YES;
				ENABLE_TESTABILITY = YES;
				GCC_C_LANGUAGE_STANDARD = gnu11;
				GCC_DYNAMIC_NO_PIC = NO;
				GCC_NO_COMMON_BLOCKS = YES;
				GCC_OPTIMIZATION_LEVEL = 0;
				GCC_PREPROCESSOR_DEFINITIONS = (
					"$(inherited)",
					"DEBUG=1",
				);
				GCC_WARN_64_TO_32_BIT_CONVERSION = YES;
				GCC_WARN_ABOUT_RETURN_TYPE = YES_ERROR;
				GCC_WARN_UNDECLARED_SELECTOR = YES;
				GCC_WARN_UNINITIALIZED_AUTOS = YES_AGGRESSIVE;
				GCC_WARN_UNUSED_FUNCTION = YES;
				GCC_WARN_UNUSED_VARIABLE = YES;
				MACOSX_DEPLOYMENT_TARGET = 15.0;
				MARKETING_VERSION = 0.4.0;
				MTL_ENABLE_DEBUG_INFO = INCLUDE_SOURCE;
				MTL_FAST_MATH = YES;
				ONLY_ACTIVE_ARCH = YES;
				PRODUCT_NAME = "$(TARGET_NAME)";
				SDKROOT = macosx;
				SWIFT_ACTIVE_COMPILATION_CONDITIONS = DEBUG;
				SWIFT_OPTIMIZATION_LEVEL = "-Onone";
				SWIFT_STRICT_CONCURRENCY = complete;
				SWIFT_VERSION = 6.0;
			};
			name = Debug;
		};
		F6D91EA83AB43C5EA597A9D5 /* Debug */ = {
			isa = XCBuildConfiguration;
			buildSettings = {
				ASSETCATALOG_COMPILER_APPICON_NAME = AppIcon;
				CODE_SIGN_IDENTITY = "-";
				CODE_SIGN_STYLE = Manual;
				COMBINE_HIDPI_IMAGES = YES;
				ENABLE_HARDENED_RUNTIME = NO;
				ENABLE_USER_SCRIPT_SANDBOXING = NO;
				INFOPLIST_FILE = Info.plist;
				LD_RUNPATH_SEARCH_PATHS = (
					"$(inherited)",
					"@executable_path/../Frameworks",
				);
				PRODUCT_BUNDLE_IDENTIFIER = com.classick.app;
				PRODUCT_NAME = Classick;
				SDKROOT = macosx;
			};
			name = Debug;
		};
/* End XCBuildConfiguration section */

/* Begin XCConfigurationList section */
		3F02007BD03702B98E3A34EF /* Build configuration list for PBXNativeTarget "Classick" */ = {
			isa = XCConfigurationList;
			buildConfigurations = (
				F6D91EA83AB43C5EA597A9D5 /* Debug */,
				AC7000EBEBED34D292EC0FB3 /* Release */,
			);
			defaultConfigurationIsVisible = 0;
			defaultConfigurationName = Debug;
		};
		96407CFE424BD62A59417BCE /* Build configuration list for PBXProject "Classick" */ = {
			isa = XCConfigurationList;
			buildConfigurations = (
				E837C70B053D4ED545E68624 /* Debug */,
				48DB4CD6DC990CA519533DC3 /* Release */,
			);
			defaultConfigurationIsVisible = 0;
			defaultConfigurationName = Debug;
		};
		EDFFD253208FDE136966ED75 /* Build configuration list for PBXNativeTarget "ClassickTests" */ = {
			isa = XCConfigurationList;
			buildConfigurations = (
				76A141603577D891D91CA46A /* Debug */,
				20F69D369CF27F6EE452338A /* Release */,
			);
			defaultConfigurationIsVisible = 0;
			defaultConfigurationName = Debug;
		};
/* End XCConfigurationList section */

/* Begin XCRemoteSwiftPackageReference section */
		6D89737376951DB3FEC10CAB /* XCRemoteSwiftPackageReference "Sparkle" */ = {
			isa = XCRemoteSwiftPackageReference;
			repositoryURL = "https://github.com/sparkle-project/Sparkle";
			requirement = {
				kind = upToNextMajorVersion;
				minimumVersion = 2.6.0;
			};
		};
/* End XCRemoteSwiftPackageReference section */

/* Begin XCSwiftPackageProductDependency section */
		CE8AC4C79C57BF031AF01FE8 /* Sparkle */ = {
			isa = XCSwiftPackageProductDependency;
			package = 6D89737376951DB3FEC10CAB /* XCRemoteSwiftPackageReference "Sparkle" */;
			productName = Sparkle;
		};
/* End XCSwiftPackageProductDependency section */
	};
	rootObject = 31C70EB80F68ACC561BFE8E5 /* Project object */;
}
